
Microsoft Visual Studio Solution File, Format Version 12.00
# Visual Studio Version 17
VisualStudioVersion = 17.5.002.0
MinimumVisualStudioVersion = 10.0.40219.1
Project("{2150E333-8FDC-42A3-9474-1A3956D46DE8}") = "Chapter1", "Chapter1", "{3778AB0B-E598-4A07-B229-1B03021218B8}"
EndProject
Project("{2150E333-8FDC-42A3-9474-1A3956D46DE8}") = "Item1", "Item1", "{C2B8C577-F54F-4F60-B1FF-CD732BFAF3C7}"
EndProject
Project("{9A19103F-16F7-4668-BE54-9A1E7A4F7556}") = "Item1Example", "Chapter1\Item1\Example\Item1Example.csproj", "{E5FF5B88-6B7F-41D3-8FC0-66FADD53977E}"
EndProject
Project("{2150E333-8FDC-42A3-9474-1A3956D46DE8}") = "Item10", "Item10", "{322DA787-5462-4D8A-9ED3-286D50AA15DE}"
EndProject
Project("{9A19103F-16F7-4668-BE54-9A1E7A4F7556}") = "Item10Example", "Chapter1\Item10\Example\Item10Example.csproj", "{377981EF-AAC2-4822-A53A-0FCD3119C088}"
EndProject
Project("{2150E333-8FDC-42A3-9474-1A3956D46DE8}") = "Item2", "Item2", "{332F8005-1194-4112-B763-6A203D62E1A4}"
EndProject
Project("{9A19103F-16F7-4668-BE54-9A1E7A4F7556}") = "Item2Example", "Chapter1\Item2\Example\Item2Example.csproj", "{192239DB-6196-4050-956C-99D41E62F772}"
EndProject
Project("{2150E333-8FDC-42A3-9474-1A3956D46DE8}") = "Item3", "Item3", "{BD6C6968-D8C3-40B6-8545-2117EC32B7AA}"
EndProject
Project("{9A19103F-16F7-4668-BE54-9A1E7A4F7556}") = "Item3Example", "Chapter1\Item3\Example\Item3Example.csproj", "{10B483DA-EA9D-4471-949F-37463EFA7A28}"
EndProject
Project("{2150E333-8FDC-42A3-9474-1A3956D46DE8}") = "Item4", "Item4", "{2CD7B268-C7A8-4FDC-95CF-D9CCEF479479}"
EndProject
Project("{9A19103F-16F7-4668-BE54-9A1E7A4F7556}") = "Item4Example", "Chapter1\Item4\Example\Item4Example.csproj", "{FECDE675-81A7-44D8-BF52-9E8F74ED0828}"
EndProject
Project("{2150E333-8FDC-42A3-9474-1A3956D46DE8}") = "Item5", "Item5", "{644ADBF1-A013-4A3D-9FD9-D098AB99ED70}"
EndProject
Project("{9A19103F-16F7-4668-BE54-9A1E7A4F7556}") = "Item5Example", "Chapter1\Item5\Example\Item5Example.csproj", "{A3E47940-B466-4A1C-BFEB-DFC3FAD9BB20}"
EndProject
Project("{2150E333-8FDC-42A3-9474-1A3956D46DE8}") = "Item6", "Item6", "{8845361F-A2B0-48AB-A41A-DCCF7C6D5DCF}"
EndProject
Project("{9A19103F-16F7-4668-BE54-9A1E7A4F7556}") = "Item6Example", "Chapter1\Item6\Example\Item6Example.csproj", "{FD1287FD-A53C-4BD8-A0F1-B420A80BD847}"
EndProject
Project("{2150E333-8FDC-42A3-9474-1A3956D46DE8}") = "Item7", "Item7", "{B4F9A61F-09DB-49A7-930F-75F39BA60ABB}"
EndProject
Project("{9A19103F-16F7-4668-BE54-9A1E7A4F7556}") = "Item7Example", "Chapter1\Item7\Example\Item7Example.csproj", "{2FC4D983-31CE-4A98-9576-2A4CB50858C8}"
EndProject
Project("{2150E333-8FDC-42A3-9474-1A3956D46DE8}") = "Item8", "Item8", "{6A77A178-B88D-4166-AFC8-63953D3C58B7}"
EndProject
Project("{9A19103F-16F7-4668-BE54-9A1E7A4F7556}") = "Item8Example", "Chapter1\Item8\Example\Item8Example.csproj", "{0E137EB1-BD7F-4797-81F4-D77EACC2BDB1}"
EndProject
Project("{2150E333-8FDC-42A3-9474-1A3956D46DE8}") = "Item9", "Item9", "{0D4C8DE4-4D3D-4BA0-851F-826ABB6AA0BA}"
EndProject
Project("{9A19103F-16F7-4668-BE54-9A1E7A4F7556}") = "Item9Example", "Chapter1\Item9\Example\Item9Example.csproj", "{A7857AA9-86D7-414F-A7CC-554AE81AB226}"
EndProject
Project("{2150E333-8FDC-42A3-9474-1A3956D46DE8}") = "Chapter2", "Chapter2", "{ACF63B79-ABD2-48E9-955D-7E8B4EB6790D}"
EndProject
Project("{2150E333-8FDC-42A3-9474-1A3956D46DE8}") = "Item11", "Item11", "{174030A1-38EE-41BA-B8A8-7AE6D4C646B3}"
EndProject
Project("{9A19103F-16F7-4668-BE54-9A1E7A4F7556}") = "Example", "Chapter2\Item11\Example\Example.csproj", "{ECAD087D-F5C8-4A81-9351-EBEE7DF76128}"
EndProject
Project("{2150E333-8FDC-42A3-9474-1A3956D46DE8}") = "Item12", "Item12", "{DD3E0857-535A-4220-ABE3-5C7974FEE311}"
EndProject
Project("{9A19103F-16F7-4668-BE54-9A1E7A4F7556}") = "Example", "Chapter2\Item12\Example\Example.csproj", "{436B5412-9A94-486F-A74A-B79E55262BEB}"
EndProject
Project("{2150E333-8FDC-42A3-9474-1A3956D46DE8}") = "Item13", "Item13", "{82901384-5A28-4119-AEF0-9EB69DBB6EE3}"
EndProject
Project("{9A19103F-16F7-4668-BE54-9A1E7A4F7556}") = "Example", "Chapter2\Item13\Example\Example.csproj", "{9E5FE5DB-9B84-4710-A97B-B02AE5BAE4F1}"
EndProject
Project("{2150E333-8FDC-42A3-9474-1A3956D46DE8}") = "Item14", "Item14", "{2AE18384-DED9-4010-B87F-C04948DA2208}"
EndProject
Project("{9A19103F-16F7-4668-BE54-9A1E7A4F7556}") = "Example", "Chapter2\Item14\Example\Example.csproj", "{27E36152-F66D-404D-BBB9-FEC64DFBD1BF}"
EndProject
Project("{2150E333-8FDC-42A3-9474-1A3956D46DE8}") = "Item15", "Item15", "{36973914-C110-4DEA-84C2-527256E8012A}"
EndProject
Project("{9A19103F-16F7-4668-BE54-9A1E7A4F7556}") = "Example", "Chapter2\Item15\Example\Example.csproj", "{00104A82-086E-4E0F-9B66-C4B7E1BDDFCC}"
EndProject
Project("{2150E333-8FDC-42A3-9474-1A3956D46DE8}") = "Item16", "Item16", "{948C6B6D-260D-4A09-AF55-1C1B767FBDDE}"
EndProject
Project("{9A19103F-16F7-4668-BE54-9A1E7A4F7556}") = "Example", "Chapter2\Item16\Example\Example.csproj", "{4A8A93EB-42F9-43E3-816F-FD0D1C87B26D}"
EndProject
Project("{2150E333-8FDC-42A3-9474-1A3956D46DE8}") = "Item17", "Item17", "{FC0A8AA7-8F90-4856-893E-E810B761DFCA}"
EndProject
Project("{9A19103F-16F7-4668-BE54-9A1E7A4F7556}") = "Example", "Chapter2\Item17\Example\Example.csproj", "{1E9471BE-B260-4722-8661-3B419A09582F}"
EndProject
Project("{2150E333-8FDC-42A3-9474-1A3956D46DE8}") = "Chapter3", "Chapter3", "{0DA570D6-1B2A-490A-BD96-AFFEEFBCF2D9}"
EndProject
Project("{2150E333-8FDC-42A3-9474-1A3956D46DE8}") = "Item18", "Item18", "{9742146A-FA97-455C-A346-316BF2BD92C6}"
EndProject
Project("{9A19103F-16F7-4668-BE54-9A1E7A4F7556}") = "Example", "Chapter3\Item18\Example\Example.csproj", "{6A0B356D-5B73-4D14-B89C-A5FBE03B1999}"
EndProject
Project("{2150E333-8FDC-42A3-9474-1A3956D46DE8}") = "Item19", "Item19", "{B1B970D3-463E-478D-8E61-3E5E5232D0D3}"
EndProject
Project("{9A19103F-16F7-4668-BE54-9A1E7A4F7556}") = "Example", "Chapter3\Item19\Example\Example.csproj", "{ACF72644-9F06-43C4-AE5C-05553EA28DD1}"
EndProject
Project("{2150E333-8FDC-42A3-9474-1A3956D46DE8}") = "Item20", "Item20", "{715DE885-AB2E-422D-AA36-CC93E0D3F0C8}"
EndProject
Project("{9A19103F-16F7-4668-BE54-9A1E7A4F7556}") = "Example", "Chapter3\Item20\Example\Example.csproj", "{935F03B9-CEE6-45E3-B6B7-D96EF206424E}"
EndProject
Project("{2150E333-8FDC-42A3-9474-1A3956D46DE8}") = "Item21", "Item21", "{D10E9861-C6EA-4B7D-AD1A-113A4F0A0D03}"
EndProject
Project("{9A19103F-16F7-4668-BE54-9A1E7A4F7556}") = "Example", "Chapter3\Item21\Example\Example.csproj", "{1CF9EA29-D5DE-421A-A31A-5B6EA197579E}"
EndProject
Project("{2150E333-8FDC-42A3-9474-1A3956D46DE8}") = "Item22", "Item22", "{45700651-14B2-4DAB-B891-DE941F28ABAB}"
EndProject
Project("{9A19103F-16F7-4668-BE54-9A1E7A4F7556}") = "Example", "Chapter3\Item22\Example\Example.csproj", "{E6F3CB8A-BEE1-47F8-BCB1-C9F996B0A3E6}"
EndProject
Project("{2150E333-8FDC-42A3-9474-1A3956D46DE8}") = "Item23", "Item23", "{25CAF208-95F7-4BB4-B8B0-2E2040B0E4E5}"
EndProject
Project("{9A19103F-16F7-4668-BE54-9A1E7A4F7556}") = "Example", "Chapter3\Item23\Example\Example.csproj", "{F5684483-6466-4B44-A9F3-F23F72E5E8F6}"
EndProject
Project("{2150E333-8FDC-42A3-9474-1A3956D46DE8}") = "Item24", "Item24", "{067A8AB1-8CE7-4AC8-BF62-C54B1B7C5AD1}"
EndProject
Project("{9A19103F-16F7-4668-BE54-9A1E7A4F7556}") = "Example", "Chapter3\Item24\Example\Example.csproj", "{4F8DFF64-9ADA-4BAB-BE67-B2826FE9BD30}"
EndProject
Project("{9A19103F-16F7-4668-BE54-9A1E7A4F7556}") = "Example (1)", "Chapter3\Item24\Example2\Example.csproj", "{AD0B2714-E4B6-4EA9-A9CC-1A8F70C64EEF}"
EndProject
Project("{2150E333-8FDC-42A3-9474-1A3956D46DE8}") = "Item25", "Item25", "{0B40378F-0147-4C41-9B54-0CF3D66E1125}"
EndProject
Project("{9A19103F-16F7-4668-BE54-9A1E7A4F7556}") = "Example", "Chapter3\Item25\Example\Example.csproj", "{8D3CCC93-0FD0-46DB-81C9-754480140BB8}"
EndProject
Project("{2150E333-8FDC-42A3-9474-1A3956D46DE8}") = "Item26", "Item26", "{0B05606E-9F70-4988-9360-3746DA95E7FB}"
EndProject
Project("{9A19103F-16F7-4668-BE54-9A1E7A4F7556}") = "Example", "Chapter3\Item26\Example\Example.csproj", "{C78A6B29-9C87-4227-B513-95291603E3C7}"
EndProject
Project("{2150E333-8FDC-42A3-9474-1A3956D46DE8}") = "Item27", "Item27", "{A96DD87F-BA51-41BC-A8E3-791950017440}"
EndProject
Project("{9A19103F-16F7-4668-BE54-9A1E7A4F7556}") = "Example", "Chapter3\Item27\Example\Example.csproj", "{F01E183E-BA4E-4CC8-8CAB-2BB9462A4071}"
EndProject
Project("{2150E333-8FDC-42A3-9474-1A3956D46DE8}") = "Item28", "Item28", "{106117A4-BE4B-4703-AE9C-9E6E44E49D4E}"
EndProject
Project("{9A19103F-16F7-4668-BE54-9A1E7A4F7556}") = "Example", "Chapter3\Item28\BadExample\Example.csproj", "{F77A48F8-7C9E-4005-9DB6-9BB0FE11BAE4}"
EndProject
Project("{9A19103F-16F7-4668-BE54-9A1E7A4F7556}") = "Example (1)", "Chapter3\Item28\GoodExample\Example.csproj", "{24C081DC-6F28-443F-8B96-59D448768EB9}"
EndProject
Project("{2150E333-8FDC-42A3-9474-1A3956D46DE8}") = "Chapter4", "Chapter4", "{7E99A54F-A594-4DF5-ABC4-95BCEA223C18}"
EndProject
Project("{2150E333-8FDC-42A3-9474-1A3956D46DE8}") = "Item29", "Item29", "{97F69D58-A30D-442D-8F4B-CB276AA7D640}"
EndProject
Project("{9A19103F-16F7-4668-BE54-9A1E7A4F7556}") = "Example", "Chapter4\Item29\Example\Example.csproj", "{5682A56A-1D78-4769-BE60-9B73E2E33786}"
EndProject
Project("{2150E333-8FDC-42A3-9474-1A3956D46DE8}") = "Item30", "Item30", "{A7222842-6B5E-4EB8-8ACD-08C76C82B70A}"
EndProject
Project("{9A19103F-16F7-4668-BE54-9A1E7A4F7556}") = "Example", "Chapter4\Item30\Example\Example.csproj", "{1A1B46DF-72D9-421D-93AB-68C0C011A7EC}"
EndProject
Project("{9A19103F-16F7-4668-BE54-9A1E7A4F7556}") = "Example (1)", "Chapter4\Item30\Example2\Example.csproj", "{AE6F9CAA-6CF8-4287-8689-DFB6B2D949FE}"
EndProject
Global
	GlobalSection(SolutionConfigurationPlatforms) = preSolution
		Debug|Any CPU = Debug|Any CPU
		Release|Any CPU = Release|Any CPU
	EndGlobalSection
	GlobalSection(ProjectConfigurationPlatforms) = postSolution
		{E5FF5B88-6B7F-41D3-8FC0-66FADD53977E}.Debug|Any CPU.ActiveCfg = Debug|Any CPU
		{E5FF5B88-6B7F-41D3-8FC0-66FADD53977E}.Debug|Any CPU.Build.0 = Debug|Any CPU
		{E5FF5B88-6B7F-41D3-8FC0-66FADD53977E}.Release|Any CPU.ActiveCfg = Release|Any CPU
		{E5FF5B88-6B7F-41D3-8FC0-66FADD53977E}.Release|Any CPU.Build.0 = Release|Any CPU
		{377981EF-AAC2-4822-A53A-0FCD3119C088}.Debug|Any CPU.ActiveCfg = Debug|Any CPU
		{377981EF-AAC2-4822-A53A-0FCD3119C088}.Debug|Any CPU.Build.0 = Debug|Any CPU
		{377981EF-AAC2-4822-A53A-0FCD3119C088}.Release|Any CPU.ActiveCfg = Release|Any CPU
		{377981EF-AAC2-4822-A53A-0FCD3119C088}.Release|Any CPU.Build.0 = Release|Any CPU
		{192239DB-6196-4050-956C-99D41E62F772}.Debug|Any CPU.ActiveCfg = Debug|Any CPU
		{192239DB-6196-4050-956C-99D41E62F772}.Debug|Any CPU.Build.0 = Debug|Any CPU
		{192239DB-6196-4050-956C-99D41E62F772}.Release|Any CPU.ActiveCfg = Release|Any CPU
		{192239DB-6196-4050-956C-99D41E62F772}.Release|Any CPU.Build.0 = Release|Any CPU
		{10B483DA-EA9D-4471-949F-37463EFA7A28}.Debug|Any CPU.ActiveCfg = Debug|Any CPU
		{10B483DA-EA9D-4471-949F-37463EFA7A28}.Debug|Any CPU.Build.0 = Debug|Any CPU
		{10B483DA-EA9D-4471-949F-37463EFA7A28}.Release|Any CPU.ActiveCfg = Release|Any CPU
		{10B483DA-EA9D-4471-949F-37463EFA7A28}.Release|Any CPU.Build.0 = Release|Any CPU
		{FECDE675-81A7-44D8-BF52-9E8F74ED0828}.Debug|Any CPU.ActiveCfg = Debug|Any CPU
		{FECDE675-81A7-44D8-BF52-9E8F74ED0828}.Debug|Any CPU.Build.0 = Debug|Any CPU
		{FECDE675-81A7-44D8-BF52-9E8F74ED0828}.Release|Any CPU.ActiveCfg = Release|Any CPU
		{FECDE675-81A7-44D8-BF52-9E8F74ED0828}.Release|Any CPU.Build.0 = Release|Any CPU
		{A3E47940-B466-4A1C-BFEB-DFC3FAD9BB20}.Debug|Any CPU.ActiveCfg = Debug|Any CPU
		{A3E47940-B466-4A1C-BFEB-DFC3FAD9BB20}.Debug|Any CPU.Build.0 = Debug|Any CPU
		{A3E47940-B466-4A1C-BFEB-DFC3FAD9BB20}.Release|Any CPU.ActiveCfg = Release|Any CPU
		{A3E47940-B466-4A1C-BFEB-DFC3FAD9BB20}.Release|Any CPU.Build.0 = Release|Any CPU
		{FD1287FD-A53C-4BD8-A0F1-B420A80BD847}.Debug|Any CPU.ActiveCfg = Debug|Any CPU
		{FD1287FD-A53C-4BD8-A0F1-B420A80BD847}.Debug|Any CPU.Build.0 = Debug|Any CPU
		{FD1287FD-A53C-4BD8-A0F1-B420A80BD847}.Release|Any CPU.ActiveCfg = Release|Any CPU
		{FD1287FD-A53C-4BD8-A0F1-B420A80BD847}.Release|Any CPU.Build.0 = Release|Any CPU
		{2FC4D983-31CE-4A98-9576-2A4CB50858C8}.Debug|Any CPU.ActiveCfg = Debug|Any CPU
		{2FC4D983-31CE-4A98-9576-2A4CB50858C8}.Debug|Any CPU.Build.0 = Debug|Any CPU
		{2FC4D983-31CE-4A98-9576-2A4CB50858C8}.Release|Any CPU.ActiveCfg = Release|Any CPU
		{2FC4D983-31CE-4A98-9576-2A4CB50858C8}.Release|Any CPU.Build.0 = Release|Any CPU
		{0E137EB1-BD7F-4797-81F4-D77EACC2BDB1}.Debug|Any CPU.ActiveCfg = Debug|Any CPU
		{0E137EB1-BD7F-4797-81F4-D77EACC2BDB1}.Debug|Any CPU.Build.0 = Debug|Any CPU
		{0E137EB1-BD7F-4797-81F4-D77EACC2BDB1}.Release|Any CPU.ActiveCfg = Release|Any CPU
		{0E137EB1-BD7F-4797-81F4-D77EACC2BDB1}.Release|Any CPU.Build.0 = Release|Any CPU
		{A7857AA9-86D7-414F-A7CC-554AE81AB226}.Debug|Any CPU.ActiveCfg = Debug|Any CPU
		{A7857AA9-86D7-414F-A7CC-554AE81AB226}.Debug|Any CPU.Build.0 = Debug|Any CPU
		{A7857AA9-86D7-414F-A7CC-554AE81AB226}.Release|Any CPU.ActiveCfg = Release|Any CPU
		{A7857AA9-86D7-414F-A7CC-554AE81AB226}.Release|Any CPU.Build.0 = Release|Any CPU
		{ECAD087D-F5C8-4A81-9351-EBEE7DF76128}.Debug|Any CPU.ActiveCfg = Debug|Any CPU
		{ECAD087D-F5C8-4A81-9351-EBEE7DF76128}.Debug|Any CPU.Build.0 = Debug|Any CPU
		{ECAD087D-F5C8-4A81-9351-EBEE7DF76128}.Release|Any CPU.ActiveCfg = Release|Any CPU
		{ECAD087D-F5C8-4A81-9351-EBEE7DF76128}.Release|Any CPU.Build.0 = Release|Any CPU
		{436B5412-9A94-486F-A74A-B79E55262BEB}.Debug|Any CPU.ActiveCfg = Debug|Any CPU
		{436B5412-9A94-486F-A74A-B79E55262BEB}.Debug|Any CPU.Build.0 = Debug|Any CPU
		{436B5412-9A94-486F-A74A-B79E55262BEB}.Release|Any CPU.ActiveCfg = Release|Any CPU
		{436B5412-9A94-486F-A74A-B79E55262BEB}.Release|Any CPU.Build.0 = Release|Any CPU
		{9E5FE5DB-9B84-4710-A97B-B02AE5BAE4F1}.Debug|Any CPU.ActiveCfg = Debug|Any CPU
		{9E5FE5DB-9B84-4710-A97B-B02AE5BAE4F1}.Debug|Any CPU.Build.0 = Debug|Any CPU
		{9E5FE5DB-9B84-4710-A97B-B02AE5BAE4F1}.Release|Any CPU.ActiveCfg = Release|Any CPU
		{9E5FE5DB-9B84-4710-A97B-B02AE5BAE4F1}.Release|Any CPU.Build.0 = Release|Any CPU
		{27E36152-F66D-404D-BBB9-FEC64DFBD1BF}.Debug|Any CPU.ActiveCfg = Debug|Any CPU
		{27E36152-F66D-404D-BBB9-FEC64DFBD1BF}.Debug|Any CPU.Build.0 = Debug|Any CPU
		{27E36152-F66D-404D-BBB9-FEC64DFBD1BF}.Release|Any CPU.ActiveCfg = Release|Any CPU
		{27E36152-F66D-404D-BBB9-FEC64DFBD1BF}.Release|Any CPU.Build.0 = Release|Any CPU
		{00104A82-086E-4E0F-9B66-C4B7E1BDDFCC}.Debug|Any CPU.ActiveCfg = Debug|Any CPU
		{00104A82-086E-4E0F-9B66-C4B7E1BDDFCC}.Debug|Any CPU.Build.0 = Debug|Any CPU
		{00104A82-086E-4E0F-9B66-C4B7E1BDDFCC}.Release|Any CPU.ActiveCfg = Release|Any CPU
		{00104A82-086E-4E0F-9B66-C4B7E1BDDFCC}.Release|Any CPU.Build.0 = Release|Any CPU
		{4A8A93EB-42F9-43E3-816F-FD0D1C87B26D}.Debug|Any CPU.ActiveCfg = Debug|Any CPU
		{4A8A93EB-42F9-43E3-816F-FD0D1C87B26D}.Debug|Any CPU.Build.0 = Debug|Any CPU
		{4A8A93EB-42F9-43E3-816F-FD0D1C87B26D}.Release|Any CPU.ActiveCfg = Release|Any CPU
		{4A8A93EB-42F9-43E3-816F-FD0D1C87B26D}.Release|Any CPU.Build.0 = Release|Any CPU
		{1E9471BE-B260-4722-8661-3B419A09582F}.Debug|Any CPU.ActiveCfg = Debug|Any CPU
		{1E9471BE-B260-4722-8661-3B419A09582F}.Debug|Any CPU.Build.0 = Debug|Any CPU
		{1E9471BE-B260-4722-8661-3B419A09582F}.Release|Any CPU.ActiveCfg = Release|Any CPU
		{1E9471BE-B260-4722-8661-3B419A09582F}.Release|Any CPU.Build.0 = Release|Any CPU
		{6A0B356D-5B73-4D14-B89C-A5FBE03B1999}.Debug|Any CPU.ActiveCfg = Debug|Any CPU
		{6A0B356D-5B73-4D14-B89C-A5FBE03B1999}.Debug|Any CPU.Build.0 = Debug|Any CPU
		{6A0B356D-5B73-4D14-B89C-A5FBE03B1999}.Release|Any CPU.ActiveCfg = Release|Any CPU
		{6A0B356D-5B73-4D14-B89C-A5FBE03B1999}.Release|Any CPU.Build.0 = Release|Any CPU
		{ACF72644-9F06-43C4-AE5C-05553EA28DD1}.Debug|Any CPU.ActiveCfg = Debug|Any CPU
		{ACF72644-9F06-43C4-AE5C-05553EA28DD1}.Debug|Any CPU.Build.0 = Debug|Any CPU
		{ACF72644-9F06-43C4-AE5C-05553EA28DD1}.Release|Any CPU.ActiveCfg = Release|Any CPU
		{ACF72644-9F06-43C4-AE5C-05553EA28DD1}.Release|Any CPU.Build.0 = Release|Any CPU
		{935F03B9-CEE6-45E3-B6B7-D96EF206424E}.Debug|Any CPU.ActiveCfg = Debug|Any CPU
		{935F03B9-CEE6-45E3-B6B7-D96EF206424E}.Debug|Any CPU.Build.0 = Debug|Any CPU
		{935F03B9-CEE6-45E3-B6B7-D96EF206424E}.Release|Any CPU.ActiveCfg = Release|Any CPU
		{935F03B9-CEE6-45E3-B6B7-D96EF206424E}.Release|Any CPU.Build.0 = Release|Any CPU
		{1CF9EA29-D5DE-421A-A31A-5B6EA197579E}.Debug|Any CPU.ActiveCfg = Debug|Any CPU
		{1CF9EA29-D5DE-421A-A31A-5B6EA197579E}.Debug|Any CPU.Build.0 = Debug|Any CPU
		{1CF9EA29-D5DE-421A-A31A-5B6EA197579E}.Release|Any CPU.ActiveCfg = Release|Any CPU
		{1CF9EA29-D5DE-421A-A31A-5B6EA197579E}.Release|Any CPU.Build.0 = Release|Any CPU
		{E6F3CB8A-BEE1-47F8-BCB1-C9F996B0A3E6}.Debug|Any CPU.ActiveCfg = Debug|Any CPU
		{E6F3CB8A-BEE1-47F8-BCB1-C9F996B0A3E6}.Debug|Any CPU.Build.0 = Debug|Any CPU
		{E6F3CB8A-BEE1-47F8-BCB1-C9F996B0A3E6}.Release|Any CPU.ActiveCfg = Release|Any CPU
		{E6F3CB8A-BEE1-47F8-BCB1-C9F996B0A3E6}.Release|Any CPU.Build.0 = Release|Any CPU
		{F5684483-6466-4B44-A9F3-F23F72E5E8F6}.Debug|Any CPU.ActiveCfg = Debug|Any CPU
		{F5684483-6466-4B44-A9F3-F23F72E5E8F6}.Debug|Any CPU.Build.0 = Debug|Any CPU
		{F5684483-6466-4B44-A9F3-F23F72E5E8F6}.Release|Any CPU.ActiveCfg = Release|Any CPU
		{F5684483-6466-4B44-A9F3-F23F72E5E8F6}.Release|Any CPU.Build.0 = Release|Any CPU
		{4F8DFF64-9ADA-4BAB-BE67-B2826FE9BD30}.Debug|Any CPU.ActiveCfg = Debug|Any CPU
		{4F8DFF64-9ADA-4BAB-BE67-B2826FE9BD30}.Debug|Any CPU.Build.0 = Debug|Any CPU
		{4F8DFF64-9ADA-4BAB-BE67-B2826FE9BD30}.Release|Any CPU.ActiveCfg = Release|Any CPU
		{4F8DFF64-9ADA-4BAB-BE67-B2826FE9BD30}.Release|Any CPU.Build.0 = Release|Any CPU
		{AD0B2714-E4B6-4EA9-A9CC-1A8F70C64EEF}.Debug|Any CPU.ActiveCfg = Debug|Any CPU
		{AD0B2714-E4B6-4EA9-A9CC-1A8F70C64EEF}.Debug|Any CPU.Build.0 = Debug|Any CPU
		{AD0B2714-E4B6-4EA9-A9CC-1A8F70C64EEF}.Release|Any CPU.ActiveCfg = Release|Any CPU
		{AD0B2714-E4B6-4EA9-A9CC-1A8F70C64EEF}.Release|Any CPU.Build.0 = Release|Any CPU
		{8D3CCC93-0FD0-46DB-81C9-754480140BB8}.Debug|Any CPU.ActiveCfg = Debug|Any CPU
		{8D3CCC93-0FD0-46DB-81C9-754480140BB8}.Debug|Any CPU.Build.0 = Debug|Any CPU
		{8D3CCC93-0FD0-46DB-81C9-754480140BB8}.Release|Any CPU.ActiveCfg = Release|Any CPU
		{8D3CCC93-0FD0-46DB-81C9-754480140BB8}.Release|Any CPU.Build.0 = Release|Any CPU
		{C78A6B29-9C87-4227-B513-95291603E3C7}.Debug|Any CPU.ActiveCfg = Debug|Any CPU
		{C78A6B29-9C87-4227-B513-95291603E3C7}.Debug|Any CPU.Build.0 = Debug|Any CPU
		{C78A6B29-9C87-4227-B513-95291603E3C7}.Release|Any CPU.ActiveCfg = Release|Any CPU
		{C78A6B29-9C87-4227-B513-95291603E3C7}.Release|Any CPU.Build.0 = Release|Any CPU
		{F01E183E-BA4E-4CC8-8CAB-2BB9462A4071}.Debug|Any CPU.ActiveCfg = Debug|Any CPU
		{F01E183E-BA4E-4CC8-8CAB-2BB9462A4071}.Debug|Any CPU.Build.0 = Debug|Any CPU
		{F01E183E-BA4E-4CC8-8CAB-2BB9462A4071}.Release|Any CPU.ActiveCfg = Release|Any CPU
		{F01E183E-BA4E-4CC8-8CAB-2BB9462A4071}.Release|Any CPU.Build.0 = Release|Any CPU
		{F77A48F8-7C9E-4005-9DB6-9BB0FE11BAE4}.Debug|Any CPU.ActiveCfg = Debug|Any CPU
		{F77A48F8-7C9E-4005-9DB6-9BB0FE11BAE4}.Debug|Any CPU.Build.0 = Debug|Any CPU
		{F77A48F8-7C9E-4005-9DB6-9BB0FE11BAE4}.Release|Any CPU.ActiveCfg = Release|Any CPU
		{F77A48F8-7C9E-4005-9DB6-9BB0FE11BAE4}.Release|Any CPU.Build.0 = Release|Any CPU
		{24C081DC-6F28-443F-8B96-59D448768EB9}.Debug|Any CPU.ActiveCfg = Debug|Any CPU
		{24C081DC-6F28-443F-8B96-59D448768EB9}.Debug|Any CPU.Build.0 = Debug|Any CPU
		{24C081DC-6F28-443F-8B96-59D448768EB9}.Release|Any CPU.ActiveCfg = Release|Any CPU
		{24C081DC-6F28-443F-8B96-59D448768EB9}.Release|Any CPU.Build.0 = Release|Any CPU
		{5682A56A-1D78-4769-BE60-9B73E2E33786}.Debug|Any CPU.ActiveCfg = Debug|Any CPU
		{5682A56A-1D78-4769-BE60-9B73E2E33786}.Debug|Any CPU.Build.0 = Debug|Any CPU
		{5682A56A-1D78-4769-BE60-9B73E2E33786}.Release|Any CPU.ActiveCfg = Release|Any CPU
		{5682A56A-1D78-4769-BE60-9B73E2E33786}.Release|Any CPU.Build.0 = Release|Any CPU
		{1A1B46DF-72D9-421D-93AB-68C0C011A7EC}.Debug|Any CPU.ActiveCfg = Debug|Any CPU
		{1A1B46DF-72D9-421D-93AB-68C0C011A7EC}.Debug|Any CPU.Build.0 = Debug|Any CPU
		{1A1B46DF-72D9-421D-93AB-68C0C011A7EC}.Release|Any CPU.ActiveCfg = Release|Any CPU
		{1A1B46DF-72D9-421D-93AB-68C0C011A7EC}.Release|Any CPU.Build.0 = Release|Any CPU
		{AE6F9CAA-6CF8-4287-8689-DFB6B2D949FE}.Debug|Any CPU.ActiveCfg = Debug|Any CPU
		{AE6F9CAA-6CF8-4287-8689-DFB6B2D949FE}.Debug|Any CPU.Build.0 = Debug|Any CPU
		{AE6F9CAA-6CF8-4287-8689-DFB6B2D949FE}.Release|Any CPU.ActiveCfg = Release|Any CPU
		{AE6F9CAA-6CF8-4287-8689-DFB6B2D949FE}.Release|Any CPU.Build.0 = Release|Any CPU
	EndGlobalSection
	GlobalSection(SolutionProperties) = preSolution
		HideSolutionNode = FALSE
	EndGlobalSection
	GlobalSection(NestedProjects) = preSolution
		{C2B8C577-F54F-4F60-B1FF-CD732BFAF3C7} = {3778AB0B-E598-4A07-B229-1B03021218B8}
		{E5FF5B88-6B7F-41D3-8FC0-66FADD53977E} = {C2B8C577-F54F-4F60-B1FF-CD732BFAF3C7}
		{322DA787-5462-4D8A-9ED3-286D50AA15DE} = {3778AB0B-E598-4A07-B229-1B03021218B8}
		{377981EF-AAC2-4822-A53A-0FCD3119C088} = {322DA787-5462-4D8A-9ED3-286D50AA15DE}
		{332F8005-1194-4112-B763-6A203D62E1A4} = {3778AB0B-E598-4A07-B229-1B03021218B8}
		{192239DB-6196-4050-956C-99D41E62F772} = {332F8005-1194-4112-B763-6A203D62E1A4}
		{BD6C6968-D8C3-40B6-8545-2117EC32B7AA} = {3778AB0B-E598-4A07-B229-1B03021218B8}
		{10B483DA-EA9D-4471-949F-37463EFA7A28} = {BD6C6968-D8C3-40B6-8545-2117EC32B7AA}
		{2CD7B268-C7A8-4FDC-95CF-D9CCEF479479} = {3778AB0B-E598-4A07-B229-1B03021218B8}
		{FECDE675-81A7-44D8-BF52-9E8F74ED0828} = {2CD7B268-C7A8-4FDC-95CF-D9CCEF479479}
		{644ADBF1-A013-4A3D-9FD9-D098AB99ED70} = {3778AB0B-E598-4A07-B229-1B03021218B8}
		{A3E47940-B466-4A1C-BFEB-DFC3FAD9BB20} = {644ADBF1-A013-4A3D-9FD9-D098AB99ED70}
		{8845361F-A2B0-48AB-A41A-DCCF7C6D5DCF} = {3778AB0B-E598-4A07-B229-1B03021218B8}
		{FD1287FD-A53C-4BD8-A0F1-B420A80BD847} = {8845361F-A2B0-48AB-A41A-DCCF7C6D5DCF}
		{B4F9A61F-09DB-49A7-930F-75F39BA60ABB} = {3778AB0B-E598-4A07-B229-1B03021218B8}
		{2FC4D983-31CE-4A98-9576-2A4CB50858C8} = {B4F9A61F-09DB-49A7-930F-75F39BA60ABB}
		{6A77A178-B88D-4166-AFC8-63953D3C58B7} = {3778AB0B-E598-4A07-B229-1B03021218B8}
		{0E137EB1-BD7F-4797-81F4-D77EACC2BDB1} = {6A77A178-B88D-4166-AFC8-63953D3C58B7}
		{0D4C8DE4-4D3D-4BA0-851F-826ABB6AA0BA} = {3778AB0B-E598-4A07-B229-1B03021218B8}
		{A7857AA9-86D7-414F-A7CC-554AE81AB226} = {0D4C8DE4-4D3D-4BA0-851F-826ABB6AA0BA}
		{174030A1-38EE-41BA-B8A8-7AE6D4C646B3} = {ACF63B79-ABD2-48E9-955D-7E8B4EB6790D}
		{ECAD087D-F5C8-4A81-9351-EBEE7DF76128} = {174030A1-38EE-41BA-B8A8-7AE6D4C646B3}
		{DD3E0857-535A-4220-ABE3-5C7974FEE311} = {ACF63B79-ABD2-48E9-955D-7E8B4EB6790D}
		{436B5412-9A94-486F-A74A-B79E55262BEB} = {DD3E0857-535A-4220-ABE3-5C7974FEE311}
		{82901384-5A28-4119-AEF0-9EB69DBB6EE3} = {ACF63B79-ABD2-48E9-955D-7E8B4EB6790D}
		{9E5FE5DB-9B84-4710-A97B-B02AE5BAE4F1} = {82901384-5A28-4119-AEF0-9EB69DBB6EE3}
		{2AE18384-DED9-4010-B87F-C04948DA2208} = {ACF63B79-ABD2-48E9-955D-7E8B4EB6790D}
		{27E36152-F66D-404D-BBB9-FEC64DFBD1BF} = {2AE18384-DED9-4010-B87F-C04948DA2208}
		{36973914-C110-4DEA-84C2-527256E8012A} = {ACF63B79-ABD2-48E9-955D-7E8B4EB6790D}
		{00104A82-086E-4E0F-9B66-C4B7E1BDDFCC} = {36973914-C110-4DEA-84C2-527256E8012A}
		{948C6B6D-260D-4A09-AF55-1C1B767FBDDE} = {ACF63B79-ABD2-48E9-955D-7E8B4EB6790D}
		{4A8A93EB-42F9-43E3-816F-FD0D1C87B26D} = {948C6B6D-260D-4A09-AF55-1C1B767FBDDE}
		{FC0A8AA7-8F90-4856-893E-E810B761DFCA} = {ACF63B79-ABD2-48E9-955D-7E8B4EB6790D}
		{1E9471BE-B260-4722-8661-3B419A09582F} = {FC0A8AA7-8F90-4856-893E-E810B761DFCA}
		{9742146A-FA97-455C-A346-316BF2BD92C6} = {0DA570D6-1B2A-490A-BD96-AFFEEFBCF2D9}
		{6A0B356D-5B73-4D14-B89C-A5FBE03B1999} = {9742146A-FA97-455C-A346-316BF2BD92C6}
		{B1B970D3-463E-478D-8E61-3E5E5232D0D3} = {0DA570D6-1B2A-490A-BD96-AFFEEFBCF2D9}
		{ACF72644-9F06-43C4-AE5C-05553EA28DD1} = {B1B970D3-463E-478D-8E61-3E5E5232D0D3}
		{715DE885-AB2E-422D-AA36-CC93E0D3F0C8} = {0DA570D6-1B2A-490A-BD96-AFFEEFBCF2D9}
		{935F03B9-CEE6-45E3-B6B7-D96EF206424E} = {715DE885-AB2E-422D-AA36-CC93E0D3F0C8}
		{D10E9861-C6EA-4B7D-AD1A-113A4F0A0D03} = {0DA570D6-1B2A-490A-BD96-AFFEEFBCF2D9}
		{1CF9EA29-D5DE-421A-A31A-5B6EA197579E} = {D10E9861-C6EA-4B7D-AD1A-113A4F0A0D03}
		{45700651-14B2-4DAB-B891-DE941F28ABAB} = {0DA570D6-1B2A-490A-BD96-AFFEEFBCF2D9}
		{E6F3CB8A-BEE1-47F8-BCB1-C9F996B0A3E6} = {45700651-14B2-4DAB-B891-DE941F28ABAB}
		{25CAF208-95F7-4BB4-B8B0-2E2040B0E4E5} = {0DA570D6-1B2A-490A-BD96-AFFEEFBCF2D9}
		{F5684483-6466-4B44-A9F3-F23F72E5E8F6} = {25CAF208-95F7-4BB4-B8B0-2E2040B0E4E5}
		{067A8AB1-8CE7-4AC8-BF62-C54B1B7C5AD1} = {0DA570D6-1B2A-490A-BD96-AFFEEFBCF2D9}
		{4F8DFF64-9ADA-4BAB-BE67-B2826FE9BD30} = {067A8AB1-8CE7-4AC8-BF62-C54B1B7C5AD1}
		{AD0B2714-E4B6-4EA9-A9CC-1A8F70C64EEF} = {067A8AB1-8CE7-4AC8-BF62-C54B1B7C5AD1}
		{0B40378F-0147-4C41-9B54-0CF3D66E1125} = {0DA570D6-1B2A-490A-BD96-AFFEEFBCF2D9}
		{8D3CCC93-0FD0-46DB-81C9-754480140BB8} = {0B40378F-0147-4C41-9B54-0CF3D66E1125}
		{0B05606E-9F70-4988-9360-3746DA95E7FB} = {0DA570D6-1B2A-490A-BD96-AFFEEFBCF2D9}
		{C78A6B29-9C87-4227-B513-95291603E3C7} = {0B05606E-9F70-4988-9360-3746DA95E7FB}
		{A96DD87F-BA51-41BC-A8E3-791950017440} = {0DA570D6-1B2A-490A-BD96-AFFEEFBCF2D9}
		{F01E183E-BA4E-4CC8-8CAB-2BB9462A4071} = {A96DD87F-BA51-41BC-A8E3-791950017440}
		{106117A4-BE4B-4703-AE9C-9E6E44E49D4E} = {0DA570D6-1B2A-490A-BD96-AFFEEFBCF2D9}
		{F77A48F8-7C9E-4005-9DB6-9BB0FE11BAE4} = {106117A4-BE4B-4703-AE9C-9E6E44E49D4E}
		{24C081DC-6F28-443F-8B96-59D448768EB9} = {106117A4-BE4B-4703-AE9C-9E6E44E49D4E}
		{97F69D58-A30D-442D-8F4B-CB276AA7D640} = {7E99A54F-A594-4DF5-ABC4-95BCEA223C18}
		{5682A56A-1D78-4769-BE60-9B73E2E33786} = {97F69D58-A30D-442D-8F4B-CB276AA7D640}
		{A7222842-6B5E-4EB8-8ACD-08C76C82B70A} = {7E99A54F-A594-4DF5-ABC4-95BCEA223C18}
		{1A1B46DF-72D9-421D-93AB-68C0C011A7EC} = {A7222842-6B5E-4EB8-8ACD-08C76C82B70A}
		{AE6F9CAA-6CF8-4287-8689-DFB6B2D949FE} = {A7222842-6B5E-4EB8-8ACD-08C76C82B70A}
	EndGlobalSection
	GlobalSection(ExtensibilityGlobals) = postSolution
		SolutionGuid = {4D5BF337-32EA-42DD-B330-CFE6640885AA}
	EndGlobalSection
EndGlobal
