
Microsoft Visual Studio Solution File, Format Version 12.00
# Visual Studio Version 17
VisualStudioVersion = 17.5.002.0
MinimumVisualStudioVersion = 10.0.40219.1
Project("{2150E333-8FDC-42A3-9474-1A3956D46DE8}") = "Chapter1", "Chapter1", "{095ADAE1-FAEE-4D6C-B352-11E306D4F666}"
EndProject
Project("{2150E333-8FDC-42A3-9474-1A3956D46DE8}") = "Item1", "Item1", "{B241AAA9-D6BD-4CD7-B0AB-5D3606B5C5F3}"
EndProject
Project("{9A19103F-16F7-4668-BE54-9A1E7A4F7556}") = "Item1Example", "Chapter1\Item1\Example\Item1Example.csproj", "{B45CE6B6-574D-4C80-B40F-2130FFED16D9}"
EndProject
Project("{2150E333-8FDC-42A3-9474-1A3956D46DE8}") = "Item10", "Item10", "{0A230969-88B7-4B5C-9F3B-FBE892713000}"
EndProject
Project("{9A19103F-16F7-4668-BE54-9A1E7A4F7556}") = "Item10Example", "Chapter1\Item10\Example\Item10Example.csproj", "{DD285C00-D943-4024-96AB-3C29B9267740}"
EndProject
Project("{2150E333-8FDC-42A3-9474-1A3956D46DE8}") = "Item2", "Item2", "{5CA4FD63-FF6D-4648-9117-C3C4B766A0ED}"
EndProject
Project("{9A19103F-16F7-4668-BE54-9A1E7A4F7556}") = "Item2Example", "Chapter1\Item2\Example\Item2Example.csproj", "{C7DA9F4D-5FED-4C7F-AAD0-DEC742938A2B}"
EndProject
Project("{2150E333-8FDC-42A3-9474-1A3956D46DE8}") = "Item3", "Item3", "{A202886C-EA88-4CD1-8AB2-69CB730D8520}"
EndProject
Project("{9A19103F-16F7-4668-BE54-9A1E7A4F7556}") = "Item3Example", "Chapter1\Item3\Example\Item3Example.csproj", "{0BEA1A9B-4EA2-4228-85B2-663DC495B607}"
EndProject
Project("{2150E333-8FDC-42A3-9474-1A3956D46DE8}") = "Item4", "Item4", "{22165983-A73D-4A1E-84D9-76E727ABBE1E}"
EndProject
Project("{9A19103F-16F7-4668-BE54-9A1E7A4F7556}") = "Item4Example", "Chapter1\Item4\Example\Item4Example.csproj", "{C2401104-8FF5-4259-974C-DBA626AAA4E6}"
EndProject
Project("{2150E333-8FDC-42A3-9474-1A3956D46DE8}") = "Item5", "Item5", "{38F49E4D-F164-4BDD-9BB3-B1F71CB02B52}"
EndProject
Project("{9A19103F-16F7-4668-BE54-9A1E7A4F7556}") = "Item5Example", "Chapter1\Item5\Example\Item5Example.csproj", "{186CC6BB-3755-4ED3-A71A-7DFD7AB30F38}"
EndProject
Project("{2150E333-8FDC-42A3-9474-1A3956D46DE8}") = "Item6", "Item6", "{CCB73776-174A-4F10-8440-1D235D0EFE3A}"
EndProject
Project("{9A19103F-16F7-4668-BE54-9A1E7A4F7556}") = "Item6Example", "Chapter1\Item6\Example\Item6Example.csproj", "{303A40E5-D776-4C6D-BFEE-58DAB3D40B69}"
EndProject
Project("{2150E333-8FDC-42A3-9474-1A3956D46DE8}") = "Item7", "Item7", "{B2955E18-FBF4-4E5A-AA85-0A0CA90A6FE2}"
EndProject
Project("{9A19103F-16F7-4668-BE54-9A1E7A4F7556}") = "Item7Example", "Chapter1\Item7\Example\Item7Example.csproj", "{B4453117-6FC4-4915-AF58-EA1B1BECB3E9}"
EndProject
Project("{2150E333-8FDC-42A3-9474-1A3956D46DE8}") = "Item8", "Item8", "{C80960FB-88A4-494A-B4EC-A33B4188ABE0}"
EndProject
Project("{9A19103F-16F7-4668-BE54-9A1E7A4F7556}") = "Item8Example", "Chapter1\Item8\Example\Item8Example.csproj", "{7316A87F-96B0-4F9E-93D7-019C9276D69E}"
EndProject
Project("{2150E333-8FDC-42A3-9474-1A3956D46DE8}") = "Item9", "Item9", "{AA7BD154-F19C-4FCD-99BB-CD335F23906C}"
EndProject
Project("{9A19103F-16F7-4668-BE54-9A1E7A4F7556}") = "Item9Example", "Chapter1\Item9\Example\Item9Example.csproj", "{9FCC1C48-AB08-42A5-B861-511D3598C75D}"
EndProject
Project("{2150E333-8FDC-42A3-9474-1A3956D46DE8}") = "Chapter2", "Chapter2", "{4F94FB55-BF41-4A75-B2AC-7F6F8B46BF52}"
EndProject
Project("{2150E333-8FDC-42A3-9474-1A3956D46DE8}") = "Item11", "Item11", "{12DCC865-8FFE-485E-B9DC-CE0FBE425CBF}"
EndProject
Project("{9A19103F-16F7-4668-BE54-9A1E7A4F7556}") = "Example", "Chapter2\Item11\Example\Example.csproj", "{DC12C3C6-6D1E-4146-9313-8AA217F663B9}"
EndProject
Project("{2150E333-8FDC-42A3-9474-1A3956D46DE8}") = "Item12", "Item12", "{9BC80136-B4FD-4BB6-BF5A-16DF2A95431C}"
EndProject
Project("{9A19103F-16F7-4668-BE54-9A1E7A4F7556}") = "Example", "Chapter2\Item12\Example\Example.csproj", "{9F3C2A2E-A2F8-460B-9D09-52F9615CB956}"
EndProject
Project("{2150E333-8FDC-42A3-9474-1A3956D46DE8}") = "Item13", "Item13", "{EB6F1E13-B8AC-4941-ACDC-66A9A0AE49F1}"
EndProject
Project("{9A19103F-16F7-4668-BE54-9A1E7A4F7556}") = "Example", "Chapter2\Item13\Example\Example.csproj", "{5F016DF3-7FE4-4285-A1BF-83B9D68E522B}"
EndProject
Project("{2150E333-8FDC-42A3-9474-1A3956D46DE8}") = "Item14", "Item14", "{64492E24-D7C1-4AAF-98A5-BBE6F72C4CCC}"
EndProject
Project("{9A19103F-16F7-4668-BE54-9A1E7A4F7556}") = "Example", "Chapter2\Item14\Example\Example.csproj", "{CAECC794-BDAE-497F-B9BE-3AE8F03C2B6F}"
EndProject
Project("{2150E333-8FDC-42A3-9474-1A3956D46DE8}") = "Item15", "Item15", "{C247AC8F-E6DC-486B-A40C-14BBF39AB859}"
EndProject
Project("{9A19103F-16F7-4668-BE54-9A1E7A4F7556}") = "Example", "Chapter2\Item15\Example\Example.csproj", "{D6FF5A41-B34E-4EAF-AD6B-1D3C543615D0}"
EndProject
Project("{2150E333-8FDC-42A3-9474-1A3956D46DE8}") = "Item16", "Item16", "{7C936FD3-3BE0-4444-B1B2-93F4C3B287E0}"
EndProject
Project("{9A19103F-16F7-4668-BE54-9A1E7A4F7556}") = "Example", "Chapter2\Item16\Example\Example.csproj", "{B8A29745-43E0-4BFC-B601-10D88899B248}"
EndProject
Project("{2150E333-8FDC-42A3-9474-1A3956D46DE8}") = "Item17", "Item17", "{C55F1A09-DEC4-4AF8-8EFC-E2E6A1B04731}"
EndProject
Project("{9A19103F-16F7-4668-BE54-9A1E7A4F7556}") = "Example", "Chapter2\Item17\Example\Example.csproj", "{0441EBEE-6957-4B43-92C7-9F10422A595C}"
EndProject
Project("{2150E333-8FDC-42A3-9474-1A3956D46DE8}") = "Chapter3", "Chapter3", "{258F0D03-558E-4B03-8E89-06E2A2B6D5B4}"
EndProject
Project("{2150E333-8FDC-42A3-9474-1A3956D46DE8}") = "Item18", "Item18", "{2AEFF75F-37DA-4DC5-AD24-E6742E960D7C}"
EndProject
Project("{9A19103F-16F7-4668-BE54-9A1E7A4F7556}") = "Example", "Chapter3\Item18\Example\Example.csproj", "{D2544800-F8DF-4186-9EA4-D646BD91FB73}"
EndProject
Project("{2150E333-8FDC-42A3-9474-1A3956D46DE8}") = "Item19", "Item19", "{09AE4EFF-5CBC-40BD-AA8D-D0F5CA68D167}"
EndProject
Project("{9A19103F-16F7-4668-BE54-9A1E7A4F7556}") = "Example", "Chapter3\Item19\Example\Example.csproj", "{17017C85-A934-4AC2-824B-D12A8DCE7A40}"
EndProject
Project("{2150E333-8FDC-42A3-9474-1A3956D46DE8}") = "Item20", "Item20", "{46F76E6F-BEC5-48F2-939C-DDE27E802748}"
EndProject
Project("{9A19103F-16F7-4668-BE54-9A1E7A4F7556}") = "Example", "Chapter3\Item20\Example\Example.csproj", "{6AE0E7A5-9E4A-4BE0-AFA6-681ACFB34BEB}"
EndProject
Project("{2150E333-8FDC-42A3-9474-1A3956D46DE8}") = "Item21", "Item21", "{2B703F65-8B00-41D7-9C3A-35E217533007}"
EndProject
Project("{9A19103F-16F7-4668-BE54-9A1E7A4F7556}") = "Example", "Chapter3\Item21\Example\Example.csproj", "{F37EE589-A673-4A91-9D10-6435D3AF44C2}"
EndProject
Project("{2150E333-8FDC-42A3-9474-1A3956D46DE8}") = "Item22", "Item22", "{B10E67C7-7FA3-408F-8D97-1AA431CC99D2}"
EndProject
Project("{9A19103F-16F7-4668-BE54-9A1E7A4F7556}") = "Example", "Chapter3\Item22\Example\Example.csproj", "{21809FCD-D6E0-4DBD-80CB-D95D6D90DC5E}"
EndProject
Project("{2150E333-8FDC-42A3-9474-1A3956D46DE8}") = "Item23", "Item23", "{D6B46293-74B0-485F-B73E-AAFB8BEFB697}"
EndProject
Project("{9A19103F-16F7-4668-BE54-9A1E7A4F7556}") = "Example", "Chapter3\Item23\Example\Example.csproj", "{0FB878B8-B4EC-49A1-B54E-1105672A3BE4}"
EndProject
Project("{2150E333-8FDC-42A3-9474-1A3956D46DE8}") = "Item24", "Item24", "{17FD3DA1-C44B-4E19-8C3B-A633A9828100}"
EndProject
Project("{9A19103F-16F7-4668-BE54-9A1E7A4F7556}") = "Example", "Chapter3\Item24\Example\Example.csproj", "{8654E599-508C-4D48-A540-69B60FDA401B}"
EndProject
Project("{9A19103F-16F7-4668-BE54-9A1E7A4F7556}") = "Example (1)", "Chapter3\Item24\Example2\Example.csproj", "{F0CC7E4A-4D71-407E-853F-4BB6E096CC22}"
EndProject
Global
	GlobalSection(SolutionConfigurationPlatforms) = preSolution
		Debug|Any CPU = Debug|Any CPU
		Release|Any CPU = Release|Any CPU
	EndGlobalSection
	GlobalSection(ProjectConfigurationPlatforms) = postSolution
		{B45CE6B6-574D-4C80-B40F-2130FFED16D9}.Debug|Any CPU.ActiveCfg = Debug|Any CPU
		{B45CE6B6-574D-4C80-B40F-2130FFED16D9}.Debug|Any CPU.Build.0 = Debug|Any CPU
		{B45CE6B6-574D-4C80-B40F-2130FFED16D9}.Release|Any CPU.ActiveCfg = Release|Any CPU
		{B45CE6B6-574D-4C80-B40F-2130FFED16D9}.Release|Any CPU.Build.0 = Release|Any CPU
		{DD285C00-D943-4024-96AB-3C29B9267740}.Debug|Any CPU.ActiveCfg = Debug|Any CPU
		{DD285C00-D943-4024-96AB-3C29B9267740}.Debug|Any CPU.Build.0 = Debug|Any CPU
		{DD285C00-D943-4024-96AB-3C29B9267740}.Release|Any CPU.ActiveCfg = Release|Any CPU
		{DD285C00-D943-4024-96AB-3C29B9267740}.Release|Any CPU.Build.0 = Release|Any CPU
		{C7DA9F4D-5FED-4C7F-AAD0-DEC742938A2B}.Debug|Any CPU.ActiveCfg = Debug|Any CPU
		{C7DA9F4D-5FED-4C7F-AAD0-DEC742938A2B}.Debug|Any CPU.Build.0 = Debug|Any CPU
		{C7DA9F4D-5FED-4C7F-AAD0-DEC742938A2B}.Release|Any CPU.ActiveCfg = Release|Any CPU
		{C7DA9F4D-5FED-4C7F-AAD0-DEC742938A2B}.Release|Any CPU.Build.0 = Release|Any CPU
		{0BEA1A9B-4EA2-4228-85B2-663DC495B607}.Debug|Any CPU.ActiveCfg = Debug|Any CPU
		{0BEA1A9B-4EA2-4228-85B2-663DC495B607}.Debug|Any CPU.Build.0 = Debug|Any CPU
		{0BEA1A9B-4EA2-4228-85B2-663DC495B607}.Release|Any CPU.ActiveCfg = Release|Any CPU
		{0BEA1A9B-4EA2-4228-85B2-663DC495B607}.Release|Any CPU.Build.0 = Release|Any CPU
		{C2401104-8FF5-4259-974C-DBA626AAA4E6}.Debug|Any CPU.ActiveCfg = Debug|Any CPU
		{C2401104-8FF5-4259-974C-DBA626AAA4E6}.Debug|Any CPU.Build.0 = Debug|Any CPU
		{C2401104-8FF5-4259-974C-DBA626AAA4E6}.Release|Any CPU.ActiveCfg = Release|Any CPU
		{C2401104-8FF5-4259-974C-DBA626AAA4E6}.Release|Any CPU.Build.0 = Release|Any CPU
		{186CC6BB-3755-4ED3-A71A-7DFD7AB30F38}.Debug|Any CPU.ActiveCfg = Debug|Any CPU
		{186CC6BB-3755-4ED3-A71A-7DFD7AB30F38}.Debug|Any CPU.Build.0 = Debug|Any CPU
		{186CC6BB-3755-4ED3-A71A-7DFD7AB30F38}.Release|Any CPU.ActiveCfg = Release|Any CPU
		{186CC6BB-3755-4ED3-A71A-7DFD7AB30F38}.Release|Any CPU.Build.0 = Release|Any CPU
		{303A40E5-D776-4C6D-BFEE-58DAB3D40B69}.Debug|Any CPU.ActiveCfg = Debug|Any CPU
		{303A40E5-D776-4C6D-BFEE-58DAB3D40B69}.Debug|Any CPU.Build.0 = Debug|Any CPU
		{303A40E5-D776-4C6D-BFEE-58DAB3D40B69}.Release|Any CPU.ActiveCfg = Release|Any CPU
		{303A40E5-D776-4C6D-BFEE-58DAB3D40B69}.Release|Any CPU.Build.0 = Release|Any CPU
		{B4453117-6FC4-4915-AF58-EA1B1BECB3E9}.Debug|Any CPU.ActiveCfg = Debug|Any CPU
		{B4453117-6FC4-4915-AF58-EA1B1BECB3E9}.Debug|Any CPU.Build.0 = Debug|Any CPU
		{B4453117-6FC4-4915-AF58-EA1B1BECB3E9}.Release|Any CPU.ActiveCfg = Release|Any CPU
		{B4453117-6FC4-4915-AF58-EA1B1BECB3E9}.Release|Any CPU.Build.0 = Release|Any CPU
		{7316A87F-96B0-4F9E-93D7-019C9276D69E}.Debug|Any CPU.ActiveCfg = Debug|Any CPU
		{7316A87F-96B0-4F9E-93D7-019C9276D69E}.Debug|Any CPU.Build.0 = Debug|Any CPU
		{7316A87F-96B0-4F9E-93D7-019C9276D69E}.Release|Any CPU.ActiveCfg = Release|Any CPU
		{7316A87F-96B0-4F9E-93D7-019C9276D69E}.Release|Any CPU.Build.0 = Release|Any CPU
		{9FCC1C48-AB08-42A5-B861-511D3598C75D}.Debug|Any CPU.ActiveCfg = Debug|Any CPU
		{9FCC1C48-AB08-42A5-B861-511D3598C75D}.Debug|Any CPU.Build.0 = Debug|Any CPU
		{9FCC1C48-AB08-42A5-B861-511D3598C75D}.Release|Any CPU.ActiveCfg = Release|Any CPU
		{9FCC1C48-AB08-42A5-B861-511D3598C75D}.Release|Any CPU.Build.0 = Release|Any CPU
		{DC12C3C6-6D1E-4146-9313-8AA217F663B9}.Debug|Any CPU.ActiveCfg = Debug|Any CPU
		{DC12C3C6-6D1E-4146-9313-8AA217F663B9}.Debug|Any CPU.Build.0 = Debug|Any CPU
		{DC12C3C6-6D1E-4146-9313-8AA217F663B9}.Release|Any CPU.ActiveCfg = Release|Any CPU
		{DC12C3C6-6D1E-4146-9313-8AA217F663B9}.Release|Any CPU.Build.0 = Release|Any CPU
		{9F3C2A2E-A2F8-460B-9D09-52F9615CB956}.Debug|Any CPU.ActiveCfg = Debug|Any CPU
		{9F3C2A2E-A2F8-460B-9D09-52F9615CB956}.Debug|Any CPU.Build.0 = Debug|Any CPU
		{9F3C2A2E-A2F8-460B-9D09-52F9615CB956}.Release|Any CPU.ActiveCfg = Release|Any CPU
		{9F3C2A2E-A2F8-460B-9D09-52F9615CB956}.Release|Any CPU.Build.0 = Release|Any CPU
		{5F016DF3-7FE4-4285-A1BF-83B9D68E522B}.Debug|Any CPU.ActiveCfg = Debug|Any CPU
		{5F016DF3-7FE4-4285-A1BF-83B9D68E522B}.Debug|Any CPU.Build.0 = Debug|Any CPU
		{5F016DF3-7FE4-4285-A1BF-83B9D68E522B}.Release|Any CPU.ActiveCfg = Release|Any CPU
		{5F016DF3-7FE4-4285-A1BF-83B9D68E522B}.Release|Any CPU.Build.0 = Release|Any CPU
		{CAECC794-BDAE-497F-B9BE-3AE8F03C2B6F}.Debug|Any CPU.ActiveCfg = Debug|Any CPU
		{CAECC794-BDAE-497F-B9BE-3AE8F03C2B6F}.Debug|Any CPU.Build.0 = Debug|Any CPU
		{CAECC794-BDAE-497F-B9BE-3AE8F03C2B6F}.Release|Any CPU.ActiveCfg = Release|Any CPU
		{CAECC794-BDAE-497F-B9BE-3AE8F03C2B6F}.Release|Any CPU.Build.0 = Release|Any CPU
		{D6FF5A41-B34E-4EAF-AD6B-1D3C543615D0}.Debug|Any CPU.ActiveCfg = Debug|Any CPU
		{D6FF5A41-B34E-4EAF-AD6B-1D3C543615D0}.Debug|Any CPU.Build.0 = Debug|Any CPU
		{D6FF5A41-B34E-4EAF-AD6B-1D3C543615D0}.Release|Any CPU.ActiveCfg = Release|Any CPU
		{D6FF5A41-B34E-4EAF-AD6B-1D3C543615D0}.Release|Any CPU.Build.0 = Release|Any CPU
		{B8A29745-43E0-4BFC-B601-10D88899B248}.Debug|Any CPU.ActiveCfg = Debug|Any CPU
		{B8A29745-43E0-4BFC-B601-10D88899B248}.Debug|Any CPU.Build.0 = Debug|Any CPU
		{B8A29745-43E0-4BFC-B601-10D88899B248}.Release|Any CPU.ActiveCfg = Release|Any CPU
		{B8A29745-43E0-4BFC-B601-10D88899B248}.Release|Any CPU.Build.0 = Release|Any CPU
		{0441EBEE-6957-4B43-92C7-9F10422A595C}.Debug|Any CPU.ActiveCfg = Debug|Any CPU
		{0441EBEE-6957-4B43-92C7-9F10422A595C}.Debug|Any CPU.Build.0 = Debug|Any CPU
		{0441EBEE-6957-4B43-92C7-9F10422A595C}.Release|Any CPU.ActiveCfg = Release|Any CPU
		{0441EBEE-6957-4B43-92C7-9F10422A595C}.Release|Any CPU.Build.0 = Release|Any CPU
		{D2544800-F8DF-4186-9EA4-D646BD91FB73}.Debug|Any CPU.ActiveCfg = Debug|Any CPU
		{D2544800-F8DF-4186-9EA4-D646BD91FB73}.Debug|Any CPU.Build.0 = Debug|Any CPU
		{D2544800-F8DF-4186-9EA4-D646BD91FB73}.Release|Any CPU.ActiveCfg = Release|Any CPU
		{D2544800-F8DF-4186-9EA4-D646BD91FB73}.Release|Any CPU.Build.0 = Release|Any CPU
		{17017C85-A934-4AC2-824B-D12A8DCE7A40}.Debug|Any CPU.ActiveCfg = Debug|Any CPU
		{17017C85-A934-4AC2-824B-D12A8DCE7A40}.Debug|Any CPU.Build.0 = Debug|Any CPU
		{17017C85-A934-4AC2-824B-D12A8DCE7A40}.Release|Any CPU.ActiveCfg = Release|Any CPU
		{17017C85-A934-4AC2-824B-D12A8DCE7A40}.Release|Any CPU.Build.0 = Release|Any CPU
		{6AE0E7A5-9E4A-4BE0-AFA6-681ACFB34BEB}.Debug|Any CPU.ActiveCfg = Debug|Any CPU
		{6AE0E7A5-9E4A-4BE0-AFA6-681ACFB34BEB}.Debug|Any CPU.Build.0 = Debug|Any CPU
		{6AE0E7A5-9E4A-4BE0-AFA6-681ACFB34BEB}.Release|Any CPU.ActiveCfg = Release|Any CPU
		{6AE0E7A5-9E4A-4BE0-AFA6-681ACFB34BEB}.Release|Any CPU.Build.0 = Release|Any CPU
		{F37EE589-A673-4A91-9D10-6435D3AF44C2}.Debug|Any CPU.ActiveCfg = Debug|Any CPU
		{F37EE589-A673-4A91-9D10-6435D3AF44C2}.Debug|Any CPU.Build.0 = Debug|Any CPU
		{F37EE589-A673-4A91-9D10-6435D3AF44C2}.Release|Any CPU.ActiveCfg = Release|Any CPU
		{F37EE589-A673-4A91-9D10-6435D3AF44C2}.Release|Any CPU.Build.0 = Release|Any CPU
		{21809FCD-D6E0-4DBD-80CB-D95D6D90DC5E}.Debug|Any CPU.ActiveCfg = Debug|Any CPU
		{21809FCD-D6E0-4DBD-80CB-D95D6D90DC5E}.Debug|Any CPU.Build.0 = Debug|Any CPU
		{21809FCD-D6E0-4DBD-80CB-D95D6D90DC5E}.Release|Any CPU.ActiveCfg = Release|Any CPU
		{21809FCD-D6E0-4DBD-80CB-D95D6D90DC5E}.Release|Any CPU.Build.0 = Release|Any CPU
		{0FB878B8-B4EC-49A1-B54E-1105672A3BE4}.Debug|Any CPU.ActiveCfg = Debug|Any CPU
		{0FB878B8-B4EC-49A1-B54E-1105672A3BE4}.Debug|Any CPU.Build.0 = Debug|Any CPU
		{0FB878B8-B4EC-49A1-B54E-1105672A3BE4}.Release|Any CPU.ActiveCfg = Release|Any CPU
		{0FB878B8-B4EC-49A1-B54E-1105672A3BE4}.Release|Any CPU.Build.0 = Release|Any CPU
		{8654E599-508C-4D48-A540-69B60FDA401B}.Debug|Any CPU.ActiveCfg = Debug|Any CPU
		{8654E599-508C-4D48-A540-69B60FDA401B}.Debug|Any CPU.Build.0 = Debug|Any CPU
		{8654E599-508C-4D48-A540-69B60FDA401B}.Release|Any CPU.ActiveCfg = Release|Any CPU
		{8654E599-508C-4D48-A540-69B60FDA401B}.Release|Any CPU.Build.0 = Release|Any CPU
		{F0CC7E4A-4D71-407E-853F-4BB6E096CC22}.Debug|Any CPU.ActiveCfg = Debug|Any CPU
		{F0CC7E4A-4D71-407E-853F-4BB6E096CC22}.Debug|Any CPU.Build.0 = Debug|Any CPU
		{F0CC7E4A-4D71-407E-853F-4BB6E096CC22}.Release|Any CPU.ActiveCfg = Release|Any CPU
		{F0CC7E4A-4D71-407E-853F-4BB6E096CC22}.Release|Any CPU.Build.0 = Release|Any CPU
	EndGlobalSection
	GlobalSection(SolutionProperties) = preSolution
		HideSolutionNode = FALSE
	EndGlobalSection
	GlobalSection(NestedProjects) = preSolution
		{B241AAA9-D6BD-4CD7-B0AB-5D3606B5C5F3} = {095ADAE1-FAEE-4D6C-B352-11E306D4F666}
		{B45CE6B6-574D-4C80-B40F-2130FFED16D9} = {B241AAA9-D6BD-4CD7-B0AB-5D3606B5C5F3}
		{0A230969-88B7-4B5C-9F3B-FBE892713000} = {095ADAE1-FAEE-4D6C-B352-11E306D4F666}
		{DD285C00-D943-4024-96AB-3C29B9267740} = {0A230969-88B7-4B5C-9F3B-FBE892713000}
		{5CA4FD63-FF6D-4648-9117-C3C4B766A0ED} = {095ADAE1-FAEE-4D6C-B352-11E306D4F666}
		{C7DA9F4D-5FED-4C7F-AAD0-DEC742938A2B} = {5CA4FD63-FF6D-4648-9117-C3C4B766A0ED}
		{A202886C-EA88-4CD1-8AB2-69CB730D8520} = {095ADAE1-FAEE-4D6C-B352-11E306D4F666}
		{0BEA1A9B-4EA2-4228-85B2-663DC495B607} = {A202886C-EA88-4CD1-8AB2-69CB730D8520}
		{22165983-A73D-4A1E-84D9-76E727ABBE1E} = {095ADAE1-FAEE-4D6C-B352-11E306D4F666}
		{C2401104-8FF5-4259-974C-DBA626AAA4E6} = {22165983-A73D-4A1E-84D9-76E727ABBE1E}
		{38F49E4D-F164-4BDD-9BB3-B1F71CB02B52} = {095ADAE1-FAEE-4D6C-B352-11E306D4F666}
		{186CC6BB-3755-4ED3-A71A-7DFD7AB30F38} = {38F49E4D-F164-4BDD-9BB3-B1F71CB02B52}
		{CCB73776-174A-4F10-8440-1D235D0EFE3A} = {095ADAE1-FAEE-4D6C-B352-11E306D4F666}
		{303A40E5-D776-4C6D-BFEE-58DAB3D40B69} = {CCB73776-174A-4F10-8440-1D235D0EFE3A}
		{B2955E18-FBF4-4E5A-AA85-0A0CA90A6FE2} = {095ADAE1-FAEE-4D6C-B352-11E306D4F666}
		{B4453117-6FC4-4915-AF58-EA1B1BECB3E9} = {B2955E18-FBF4-4E5A-AA85-0A0CA90A6FE2}
		{C80960FB-88A4-494A-B4EC-A33B4188ABE0} = {095ADAE1-FAEE-4D6C-B352-11E306D4F666}
		{7316A87F-96B0-4F9E-93D7-019C9276D69E} = {C80960FB-88A4-494A-B4EC-A33B4188ABE0}
		{AA7BD154-F19C-4FCD-99BB-CD335F23906C} = {095ADAE1-FAEE-4D6C-B352-11E306D4F666}
		{9FCC1C48-AB08-42A5-B861-511D3598C75D} = {AA7BD154-F19C-4FCD-99BB-CD335F23906C}
		{12DCC865-8FFE-485E-B9DC-CE0FBE425CBF} = {4F94FB55-BF41-4A75-B2AC-7F6F8B46BF52}
		{DC12C3C6-6D1E-4146-9313-8AA217F663B9} = {12DCC865-8FFE-485E-B9DC-CE0FBE425CBF}
		{9BC80136-B4FD-4BB6-BF5A-16DF2A95431C} = {4F94FB55-BF41-4A75-B2AC-7F6F8B46BF52}
		{9F3C2A2E-A2F8-460B-9D09-52F9615CB956} = {9BC80136-B4FD-4BB6-BF5A-16DF2A95431C}
		{EB6F1E13-B8AC-4941-ACDC-66A9A0AE49F1} = {4F94FB55-BF41-4A75-B2AC-7F6F8B46BF52}
		{5F016DF3-7FE4-4285-A1BF-83B9D68E522B} = {EB6F1E13-B8AC-4941-ACDC-66A9A0AE49F1}
		{64492E24-D7C1-4AAF-98A5-BBE6F72C4CCC} = {4F94FB55-BF41-4A75-B2AC-7F6F8B46BF52}
		{CAECC794-BDAE-497F-B9BE-3AE8F03C2B6F} = {64492E24-D7C1-4AAF-98A5-BBE6F72C4CCC}
		{C247AC8F-E6DC-486B-A40C-14BBF39AB859} = {4F94FB55-BF41-4A75-B2AC-7F6F8B46BF52}
		{D6FF5A41-B34E-4EAF-AD6B-1D3C543615D0} = {C247AC8F-E6DC-486B-A40C-14BBF39AB859}
		{7C936FD3-3BE0-4444-B1B2-93F4C3B287E0} = {4F94FB55-BF41-4A75-B2AC-7F6F8B46BF52}
		{B8A29745-43E0-4BFC-B601-10D88899B248} = {7C936FD3-3BE0-4444-B1B2-93F4C3B287E0}
		{C55F1A09-DEC4-4AF8-8EFC-E2E6A1B04731} = {4F94FB55-BF41-4A75-B2AC-7F6F8B46BF52}
		{0441EBEE-6957-4B43-92C7-9F10422A595C} = {C55F1A09-DEC4-4AF8-8EFC-E2E6A1B04731}
		{2AEFF75F-37DA-4DC5-AD24-E6742E960D7C} = {258F0D03-558E-4B03-8E89-06E2A2B6D5B4}
		{D2544800-F8DF-4186-9EA4-D646BD91FB73} = {2AEFF75F-37DA-4DC5-AD24-E6742E960D7C}
		{09AE4EFF-5CBC-40BD-AA8D-D0F5CA68D167} = {258F0D03-558E-4B03-8E89-06E2A2B6D5B4}
		{17017C85-A934-4AC2-824B-D12A8DCE7A40} = {09AE4EFF-5CBC-40BD-AA8D-D0F5CA68D167}
		{46F76E6F-BEC5-48F2-939C-DDE27E802748} = {258F0D03-558E-4B03-8E89-06E2A2B6D5B4}
		{6AE0E7A5-9E4A-4BE0-AFA6-681ACFB34BEB} = {46F76E6F-BEC5-48F2-939C-DDE27E802748}
		{2B703F65-8B00-41D7-9C3A-35E217533007} = {258F0D03-558E-4B03-8E89-06E2A2B6D5B4}
		{F37EE589-A673-4A91-9D10-6435D3AF44C2} = {2B703F65-8B00-41D7-9C3A-35E217533007}
		{B10E67C7-7FA3-408F-8D97-1AA431CC99D2} = {258F0D03-558E-4B03-8E89-06E2A2B6D5B4}
		{21809FCD-D6E0-4DBD-80CB-D95D6D90DC5E} = {B10E67C7-7FA3-408F-8D97-1AA431CC99D2}
		{D6B46293-74B0-485F-B73E-AAFB8BEFB697} = {258F0D03-558E-4B03-8E89-06E2A2B6D5B4}
		{0FB878B8-B4EC-49A1-B54E-1105672A3BE4} = {D6B46293-74B0-485F-B73E-AAFB8BEFB697}
		{17FD3DA1-C44B-4E19-8C3B-A633A9828100} = {258F0D03-558E-4B03-8E89-06E2A2B6D5B4}
		{8654E599-508C-4D48-A540-69B60FDA401B} = {17FD3DA1-C44B-4E19-8C3B-A633A9828100}
		{F0CC7E4A-4D71-407E-853F-4BB6E096CC22} = {17FD3DA1-C44B-4E19-8C3B-A633A9828100}
	EndGlobalSection
	GlobalSection(ExtensibilityGlobals) = postSolution
		SolutionGuid = {E79DFF77-4716-4493-A6E3-D3C6FB6A56B7}
	EndGlobalSection
EndGlobal
